{
  "name": "TextAnimationgasp",
  "lockfileVersion": 2,
  "requires": true,
  "packages": {
    "": {
      "dependencies": {
        "gasp": "^0.0.2",
        "gsap": "^3.11.4",
        "split-text-js": "^1.0.3"
      }
    },
    "node_modules/gasp": {
      "version": "0.0.2",
      "resolved": "https://registry.npmjs.org/gasp/-/gasp-0.0.2.tgz",
      "integrity": "sha512-cJGS8HkASZXLtYnS7CHDUCutYdeV2OXW/P+SU03+allNY26GiYOfstziPjnsMW8bbdf6hoQ3caVHYNZ0YLuFCA==",
      "dependencies": {
        "q": "^1.0.0"
      }
    },
    "node_modules/gsap": {
      "version": "3.11.4",
      "resolved": "https://registry.npmjs.org/gsap/-/gsap-3.11.4.tgz",
      "integrity": "sha512-McHhEguHyExMMnjqKA8G+7TvxmlKQGMbjgwAilnFe1e4id7V/tFveRQ2YMZhTYu0oxHGWvbPltdVYQOu3z1SCA=="
    },
    "node_modules/q": {
      "version": "1.5.1",
      "resolved": "https://registry.npmjs.org/q/-/q-1.5.1.tgz",
      "integrity": "sha512-kV/CThkXo6xyFEZUugw/+pIOywXcDbFYgSct5cT3gqlbkBE1SJdwy6UQoZvodiWF/ckQLZyDE/Bu1M6gVu5lVw==",
      "engines": {
        "node": ">=0.6.0",
        "teleport": ">=0.2.0"
      }
    },
    "node_modules/split-text-js": {
      "version": "1.0.3",
      "resolved": "https://registry.npmjs.org/split-text-js/-/split-text-js-1.0.3.tgz",
      "integrity": "sha512-M27Ou2Vje/d5PK7CMgZGjVBqjRwRw6pwS6j1/tI0utkQ/LBU4Jugc7bMBqyd2bPjgZDu4z6KYfT2lkrNUCvVXA=="
    }
  },
  "dependencies": {
    "gasp": {
      "version": "0.0.2",
      "resolved": "https://registry.npmjs.org/gasp/-/gasp-0.0.2.tgz",
      "integrity": "sha512-cJGS8HkASZXLtYnS7CHDUCutYdeV2OXW/P+SU03+allNY26GiYOfstziPjnsMW8bbdf6hoQ3caVHYNZ0YLuFCA==",
      "requires": {
        "q": "^1.0.0"
      }
    },
    "gsap": {
      "version": "3.11.4",
      "resolved": "https://registry.npmjs.org/gsap/-/gsap-3.11.4.tgz",
      "integrity": "sha512-McHhEguHyExMMnjqKA8G+7TvxmlKQGMbjgwAilnFe1e4id7V/tFveRQ2YMZhTYu0oxHGWvbPltdVYQOu3z1SCA=="
    },
    "q": {
      "version": "1.5.1",
      "resolved": "https://registry.npmjs.org/q/-/q-1.5.1.tgz",
      "integrity": "sha512-kV/CThkXo6xyFEZUugw/+pIOywXcDbFYgSct5cT3gqlbkBE1SJdwy6UQoZvodiWF/ckQLZyDE/Bu1M6gVu5lVw=="
    },
    "split-text-js": {
      "version": "1.0.3",
      "resolved": "https://registry.npmjs.org/split-text-js/-/split-text-js-1.0.3.tgz",
      "integrity": "sha512-M27Ou2Vje/d5PK7CMgZGjVBqjRwRw6pwS6j1/tI0utkQ/LBU4Jugc7bMBqyd2bPjgZDu4z6KYfT2lkrNUCvVXA=="
    }
  }
}
